
Microsoft Visual Studio Solution File, Format Version 12.00
# Visual Studio Version 17
VisualStudioVersion = 17.3.32811.315
MinimumVisualStudioVersion = 10.0.40219.1
Project("{FAE04EC0-301F-11D3-BF4B-00C04F79EFBC}") = "FileSharingProject", "FileSharingProject\FileSharingProject.csproj", "{A4903AF7-AEDA-4ACA-9DE7-AD97392D0750}"
EndProject
Global
	GlobalSection(SolutionConfigurationPlatforms) = preSolution
		Debug|Any CPU = Debug|Any CPU
		Release|Any CPU = Release|Any CPU
	EndGlobalSection
	GlobalSection(ProjectConfigurationPlatforms) = postSolution
		{A4903AF7-AEDA-4ACA-9DE7-AD97392D0750}.Debug|Any CPU.ActiveCfg = Debug|Any CPU
		{A4903AF7-AEDA-4ACA-9DE7-AD97392D0750}.Debug|Any CPU.Build.0 = Debug|Any CPU
		{A4903AF7-AEDA-4ACA-9DE7-AD97392D0750}.Release|Any CPU.ActiveCfg = Release|Any CPU
		{A4903AF7-AEDA-4ACA-9DE7-AD97392D0750}.Release|Any CPU.Build.0 = Release|Any CPU
	EndGlobalSection
	GlobalSection(SolutionProperties) = preSolution
		HideSolutionNode = FALSE
	EndGlobalSection
	GlobalSection(ExtensibilityGlobals) = postSolution
		SolutionGuid = {74E84433-4E04-491F-A056-6CA677C60CFF}
	EndGlobalSection
EndGlobal
